
Microsoft Visual Studio Solution File, Format Version 12.00
# Visual Studio Version 17
VisualStudioVersion = 17.8.34511.84
MinimumVisualStudioVersion = 10.0.40219.1
Project("{8BC9CEB8-8B4A-11D0-8D11-00A0C91BC942}") = "DoubleLinkedList", "DoubleLinkedList\DoubleLinkedList.vcxproj", "{D0CC77BD-3FEB-4DF2-B7E6-4C433C292764}"
EndProject
Project("{8BC9CEB8-8B4A-11D0-8D11-00A0C91BC942}") = "DoubleLinkedListTest", "DoubleLinkedListTest\DoubleLinkedListTest.vcxproj", "{E2825963-5DB9-4B08-BF97-190AE3A31DAB}"
EndProject
Global
	GlobalSection(SolutionConfigurationPlatforms) = preSolution
		Debug|x64 = Debug|x64
		Debug|x86 = Debug|x86
		Release|x64 = Release|x64
		Release|x86 = Release|x86
	EndGlobalSection
	GlobalSection(ProjectConfigurationPlatforms) = postSolution
		{D0CC77BD-3FEB-4DF2-B7E6-4C433C292764}.Debug|x64.ActiveCfg = Debug|x64
		{D0CC77BD-3FEB-4DF2-B7E6-4C433C292764}.Debug|x64.Build.0 = Debug|x64
		{D0CC77BD-3FEB-4DF2-B7E6-4C433C292764}.Debug|x86.ActiveCfg = Debug|Win32
		{D0CC77BD-3FEB-4DF2-B7E6-4C433C292764}.Debug|x86.Build.0 = Debug|Win32
		{D0CC77BD-3FEB-4DF2-B7E6-4C433C292764}.Release|x64.ActiveCfg = Release|x64
		{D0CC77BD-3FEB-4DF2-B7E6-4C433C292764}.Release|x64.Build.0 = Release|x64
		{D0CC77BD-3FEB-4DF2-B7E6-4C433C292764}.Release|x86.ActiveCfg = Release|Win32
		{D0CC77BD-3FEB-4DF2-B7E6-4C433C292764}.Release|x86.Build.0 = Release|Win32
		{E2825963-5DB9-4B08-BF97-190AE3A31DAB}.Debug|x64.ActiveCfg = Debug|x64
		{E2825963-5DB9-4B08-BF97-190AE3A31DAB}.Debug|x64.Build.0 = Debug|x64
		{E2825963-5DB9-4B08-BF97-190AE3A31DAB}.Debug|x86.ActiveCfg = Debug|Win32
		{E2825963-5DB9-4B08-BF97-190AE3A31DAB}.Debug|x86.Build.0 = Debug|Win32
		{E2825963-5DB9-4B08-BF97-190AE3A31DAB}.Release|x64.ActiveCfg = Release|x64
		{E2825963-5DB9-4B08-BF97-190AE3A31DAB}.Release|x64.Build.0 = Release|x64
		{E2825963-5DB9-4B08-BF97-190AE3A31DAB}.Release|x86.ActiveCfg = Release|Win32
		{E2825963-5DB9-4B08-BF97-190AE3A31DAB}.Release|x86.Build.0 = Release|Win32
	EndGlobalSection
	GlobalSection(SolutionProperties) = preSolution
		HideSolutionNode = FALSE
	EndGlobalSection
	GlobalSection(ExtensibilityGlobals) = postSolution
		SolutionGuid = {DB9C61B4-05A7-49D7-929E-9DD994848A9E}
	EndGlobalSection
EndGlobal
